version = 1
revision = 3
requires-python = ">=3.14"

[[package]]
name = "assets"
version = "0.1.0"
source = { virtual = "." }
dependencies = [
    { name = "msgpack" },
    { name = "pillow" },
]

[package.metadata]
requires-dist = [
    { name = "msgpack", specifier = ">=1.1.2" },
    { name = "pillow", specifier = ">=12.2.0" },
]

[[package]]
name = "msgpack"
version = "1.1.2"
source = { registry = "https://pypi.org/simple" }
sdist = { url = "https://files.pythonhosted.org/packages/4d/f2/bfb55a6236ed8725a96b0aa3acbd0ec17588e6a2c3b62a93eb513ed8783f/msgpack-1.1.2.tar.gz", hash = "sha256:3b60763c1373dd60f398488069bcdc703cd08a711477b5d480eecc9f9626f47e", size = 173581, upload-time = "2025-10-08T09:15:56.596Z" }
wheels = [
    { url = "https://files.pythonhosted.org/packages/22/71/201105712d0a2ff07b7873ed3c220292fb2ea5120603c00c4b634bcdafb3/msgpack-1.1.2-cp314-cp314-macosx_10_13_x86_64.whl", hash = "sha256:e23ce8d5f7aa6ea6d2a2b326b4ba46c985dbb204523759984430db7114f8aa00", size = 81127, upload-time = "2025-10-08T09:15:24.408Z" },
    { url = "https://files.pythonhosted.org/packages/1b/9f/38ff9e57a2eade7bf9dfee5eae17f39fc0e998658050279cbb14d97d36d9/msgpack-1.1.2-cp314-cp314-macosx_11_0_arm64.whl", hash = "sha256:6c15b7d74c939ebe620dd8e559384be806204d73b4f9356320632d783d1f7939", size = 84981, upload-time = "2025-10-08T09:15:25.812Z" },
    { url = "https://files.pythonhosted.org/packages/8e/a9/3536e385167b88c2cc8f4424c49e28d49a6fc35206d4a8060f136e71f94c/msgpack-1.1.2-cp314-cp314-manylinux2014_aarch64.manylinux_2_17_aarch64.manylinux_2_28_aarch64.whl", hash = "sha256:99e2cb7b9031568a2a5c73aa077180f93dd2e95b4f8d3b8e14a73ae94a9e667e", size = 411885, upload-time = "2025-10-08T09:15:27.22Z" },
    { url = "https://files.pythonhosted.org/packages/2f/40/dc34d1a8d5f1e51fc64640b62b191684da52ca469da9cd74e84936ffa4a6/msgpack-1.1.2-cp314-cp314-manylinux2014_x86_64.manylinux_2_17_x86_64.manylinux_2_28_x86_64.whl", hash = "sha256:180759d89a057eab503cf62eeec0aa61c4ea1200dee709f3a8e9397dbb3b6931", size = 419658, upload-time = "2025-10-08T09:15:28.4Z" },
    { url = "https://files.pythonhosted.org/packages/3b/ef/2b92e286366500a09a67e03496ee8b8ba00562797a52f3c117aa2b29514b/msgpack-1.1.2-cp314-cp314-musllinux_1_2_aarch64.whl", hash = "sha256:04fb995247a6e83830b62f0b07bf36540c213f6eac8e851166d8d86d83cbd014", size = 403290, upload-time = "2025-10-08T09:15:29.764Z" },
    { url = "https://files.pythonhosted.org/packages/78/90/e0ea7990abea5764e4655b8177aa7c63cdfa89945b6e7641055800f6c16b/msgpack-1.1.2-cp314-cp314-musllinux_1_2_x86_64.whl", hash = "sha256:8e22ab046fa7ede9e36eeb4cfad44d46450f37bb05d5ec482b02868f451c95e2", size = 415234, upload-time = "2025-10-08T09:15:31.022Z" },
    { url = "https://files.pythonhosted.org/packages/72/4e/9390aed5db983a2310818cd7d3ec0aecad45e1f7007e0cda79c79507bb0d/msgpack-1.1.2-cp314-cp314-win32.whl", hash = "sha256:80a0ff7d4abf5fecb995fcf235d4064b9a9a8a40a3ab80999e6ac1e30b702717", size = 66391, upload-time = "2025-10-08T09:15:32.265Z" },
    { url = "https://files.pythonhosted.org/packages/6e/f1/abd09c2ae91228c5f3998dbd7f41353def9eac64253de3c8105efa2082f7/msgpack-1.1.2-cp314-cp314-win_amd64.whl", hash = "sha256:9ade919fac6a3e7260b7f64cea89df6bec59104987cbea34d34a2fa15d74310b", size = 73787, upload-time = "2025-10-08T09:15:33.219Z" },
    { url = "https://files.pythonhosted.org/packages/6a/b0/9d9f667ab48b16ad4115c1935d94023b82b3198064cb84a123e97f7466c1/msgpack-1.1.2-cp314-cp314-win_arm64.whl", hash = "sha256:59415c6076b1e30e563eb732e23b994a61c159cec44deaf584e5cc1dd662f2af", size = 66453, upload-time = "2025-10-08T09:15:34.225Z" },
    { url = "https://files.pythonhosted.org/packages/16/67/93f80545eb1792b61a217fa7f06d5e5cb9e0055bed867f43e2b8e012e137/msgpack-1.1.2-cp314-cp314t-macosx_10_13_x86_64.whl", hash = "sha256:897c478140877e5307760b0ea66e0932738879e7aa68144d9b78ea4c8302a84a", size = 85264, upload-time = "2025-10-08T09:15:35.61Z" },
    { url = "https://files.pythonhosted.org/packages/87/1c/33c8a24959cf193966ef11a6f6a2995a65eb066bd681fd085afd519a57ce/msgpack-1.1.2-cp314-cp314t-macosx_11_0_arm64.whl", hash = "sha256:a668204fa43e6d02f89dbe79a30b0d67238d9ec4c5bd8a940fc3a004a47b721b", size = 89076, upload-time = "2025-10-08T09:15:36.619Z" },
    { url = "https://files.pythonhosted.org/packages/fc/6b/62e85ff7193663fbea5c0254ef32f0c77134b4059f8da89b958beb7696f3/msgpack-1.1.2-cp314-cp314t-manylinux2014_aarch64.manylinux_2_17_aarch64.manylinux_2_28_aarch64.whl", hash = "sha256:5559d03930d3aa0f3aacb4c42c776af1a2ace2611871c84a75afe436695e6245", size = 435242, upload-time = "2025-10-08T09:15:37.647Z" },
    { url = "https://files.pythonhosted.org/packages/c1/47/5c74ecb4cc277cf09f64e913947871682ffa82b3b93c8dad68083112f412/msgpack-1.1.2-cp314-cp314t-manylinux2014_x86_64.manylinux_2_17_x86_64.manylinux_2_28_x86_64.whl", hash = "sha256:70c5a7a9fea7f036b716191c29047374c10721c389c21e9ffafad04df8c52c90", size = 432509, upload-time = "2025-10-08T09:15:38.794Z" },
    { url = "https://files.pythonhosted.org/packages/24/a4/e98ccdb56dc4e98c929a3f150de1799831c0a800583cde9fa022fa90602d/msgpack-1.1.2-cp314-cp314t-musllinux_1_2_aarch64.whl", hash = "sha256:f2cb069d8b981abc72b41aea1c580ce92d57c673ec61af4c500153a626cb9e20", size = 415957, upload-time = "2025-10-08T09:15:40.238Z" },
    { url = "https://files.pythonhosted.org/packages/da/28/6951f7fb67bc0a4e184a6b38ab71a92d9ba58080b27a77d3e2fb0be5998f/msgpack-1.1.2-cp314-cp314t-musllinux_1_2_x86_64.whl", hash = "sha256:d62ce1f483f355f61adb5433ebfd8868c5f078d1a52d042b0a998682b4fa8c27", size = 422910, upload-time = "2025-10-08T09:15:41.505Z" },
    { url = "https://files.pythonhosted.org/packages/f0/03/42106dcded51f0a0b5284d3ce30a671e7bd3f7318d122b2ead66ad289fed/msgpack-1.1.2-cp314-cp314t-win32.whl", hash = "sha256:1d1418482b1ee984625d88aa9585db570180c286d942da463533b238b98b812b", size = 75197, upload-time = "2025-10-08T09:15:42.954Z" },
    { url = "https://files.pythonhosted.org/packages/15/86/d0071e94987f8db59d4eeb386ddc64d0bb9b10820a8d82bcd3e53eeb2da6/msgpack-1.1.2-cp314-cp314t-win_amd64.whl", hash = "sha256:5a46bf7e831d09470ad92dff02b8b1ac92175ca36b087f904a0519857c6be3ff", size = 85772, upload-time = "2025-10-08T09:15:43.954Z" },
    { url = "https://files.pythonhosted.org/packages/81/f2/08ace4142eb281c12701fc3b93a10795e4d4dc7f753911d836675050f886/msgpack-1.1.2-cp314-cp314t-win_arm64.whl", hash = "sha256:d99ef64f349d5ec3293688e91486c5fdb925ed03807f64d98d205d2713c60b46", size = 70868, upload-time = "2025-10-08T09:15:44.959Z" },
]

[[package]]
name = "pillow"
version = "12.2.0"
source = { registry = "https://pypi.org/simple" }
sdist = { url = "https://files.pythonhosted.org/packages/8c/21/c2bcdd5906101a30244eaffc1b6e6ce71a31bd0742a01eb89e660ebfac2d/pillow-12.2.0.tar.gz", hash = "sha256:a830b1a40919539d07806aa58e1b114df53ddd43213d9c8b75847eee6c0182b5", size = 46987819, upload-time = "2026-04-01T14:46:17.687Z" }
wheels = [
    { url = "https://files.pythonhosted.org/packages/bf/98/4595daa2365416a86cb0d495248a393dfc84e96d62ad080c8546256cb9c0/pillow-12.2.0-cp314-cp314-ios_13_0_arm64_iphoneos.whl", hash = "sha256:3adc9215e8be0448ed6e814966ecf3d9952f0ea40eb14e89a102b87f450660d8", size = 4100848, upload-time = "2026-04-01T14:44:48.48Z" },
    { url = "https://files.pythonhosted.org/packages/0b/79/40184d464cf89f6663e18dfcf7ca21aae2491fff1a16127681bf1fa9b8cf/pillow-12.2.0-cp314-cp314-ios_13_0_arm64_iphonesimulator.whl", hash = "sha256:6a9adfc6d24b10f89588096364cc726174118c62130c817c2837c60cf08a392b", size = 4176515, upload-time = "2026-04-01T14:44:51.353Z" },
    { url = "https://files.pythonhosted.org/packages/b0/63/703f86fd4c422a9cf722833670f4f71418fb116b2853ff7da722ea43f184/pillow-12.2.0-cp314-cp314-ios_13_0_x86_64_iphonesimulator.whl", hash = "sha256:6a6e67ea2e6feda684ed370f9a1c52e7a243631c025ba42149a2cc5934dec295", size = 3640159, upload-time = "2026-04-01T14:44:53.588Z" },
    { url = "https://files.pythonhosted.org/packages/71/e0/fb22f797187d0be2270f83500aab851536101b254bfa1eae10795709d283/pillow-12.2.0-cp314-cp314-macosx_10_15_x86_64.whl", hash = "sha256:2bb4a8d594eacdfc59d9e5ad972aa8afdd48d584ffd5f13a937a664c3e7db0ed", size = 5312185, upload-time = "2026-04-01T14:44:56.039Z" },
    { url = "https://files.pythonhosted.org/packages/ba/8c/1a9e46228571de18f8e28f16fabdfc20212a5d019f3e3303452b3f0a580d/pillow-12.2.0-cp314-cp314-macosx_11_0_arm64.whl", hash = "sha256:80b2da48193b2f33ed0c32c38140f9d3186583ce7d516526d462645fd98660ae", size = 4695386, upload-time = "2026-04-01T14:44:58.663Z" },
    { url = "https://files.pythonhosted.org/packages/70/62/98f6b7f0c88b9addd0e87c217ded307b36be024d4ff8869a812b241d1345/pillow-12.2.0-cp314-cp314-manylinux2014_aarch64.manylinux_2_17_aarch64.whl", hash = "sha256:22db17c68434de69d8ecfc2fe821569195c0c373b25cccb9cbdacf2c6e53c601", size = 6280384, upload-time = "2026-04-01T14:45:01.5Z" },
    { url = "https://files.pythonhosted.org/packages/5e/03/688747d2e91cfbe0e64f316cd2e8005698f76ada3130d0194664174fa5de/pillow-12.2.0-cp314-cp314-manylinux2014_x86_64.manylinux_2_17_x86_64.whl", hash = "sha256:7b14cc0106cd9aecda615dd6903840a058b4700fcb817687d0ee4fc8b6e389be", size = 8091599, upload-time = "2026-04-01T14:45:04.5Z" },
    { url = "https://files.pythonhosted.org/packages/f6/35/577e22b936fcdd66537329b33af0b4ccfefaeabd8aec04b266528cddb33c/pillow-12.2.0-cp314-cp314-manylinux_2_27_aarch64.manylinux_2_28_aarch64.whl", hash = "sha256:8cbeb542b2ebc6fcdacabf8aca8c1a97c9b3ad3927d46b8723f9d4f033288a0f", size = 6396021, upload-time = "2026-04-01T14:45:07.117Z" },
    { url = "https://files.pythonhosted.org/packages/11/8d/d2532ad2a603ca2b93ad9f5135732124e57811d0168155852f37fbce2458/pillow-12.2.0-cp314-cp314-manylinux_2_27_x86_64.manylinux_2_28_x86_64.whl", hash = "sha256:4bfd07bc812fbd20395212969e41931001fd59eb55a60658b0e5710872e95286", size = 7083360, upload-time = "2026-04-01T14:45:09.763Z" },
    { url = "https://files.pythonhosted.org/packages/5e/26/d325f9f56c7e039034897e7380e9cc202b1e368bfd04d4cbe6a441f02885/pillow-12.2.0-cp314-cp314-musllinux_1_2_aarch64.whl", hash = "sha256:9aba9a17b623ef750a4d11b742cbafffeb48a869821252b30ee21b5e91392c50", size = 6507628, upload-time = "2026-04-01T14:45:12.378Z" },
    { url = "https://files.pythonhosted.org/packages/5f/f7/769d5632ffb0988f1c5e7660b3e731e30f7f8ec4318e94d0a5d674eb65a4/pillow-12.2.0-cp314-cp314-musllinux_1_2_x86_64.whl", hash = "sha256:deede7c263feb25dba4e82ea23058a235dcc2fe1f6021025dc71f2b618e26104", size = 7209321, upload-time = "2026-04-01T14:45:15.122Z" },
    { url = "https://files.pythonhosted.org/packages/6a/7a/c253e3c645cd47f1aceea6a8bacdba9991bf45bb7dfe927f7c893e89c93c/pillow-12.2.0-cp314-cp314-win32.whl", hash = "sha256:632ff19b2778e43162304d50da0181ce24ac5bb8180122cbe1bf4673428328c7", size = 6479723, upload-time = "2026-04-01T14:45:17.797Z" },
    { url = "https://files.pythonhosted.org/packages/cd/8b/601e6566b957ca50e28725cb6c355c59c2c8609751efbecd980db44e0349/pillow-12.2.0-cp314-cp314-win_amd64.whl", hash = "sha256:4e6c62e9d237e9b65fac06857d511e90d8461a32adcc1b9065ea0c0fa3a28150", size = 7217400, upload-time = "2026-04-01T14:45:20.529Z" },
    { url = "https://files.pythonhosted.org/packages/d6/94/220e46c73065c3e2951bb91c11a1fb636c8c9ad427ac3ce7d7f3359b9b2f/pillow-12.2.0-cp314-cp314-win_arm64.whl", hash = "sha256:b1c1fbd8a5a1af3412a0810d060a78b5136ec0836c8a4ef9aa11807f2a22f4e1", size = 2554835, upload-time = "2026-04-01T14:45:23.162Z" },
    { url = "https://files.pythonhosted.org/packages/b6/ab/1b426a3974cb0e7da5c29ccff4807871d48110933a57207b5a676cccc155/pillow-12.2.0-cp314-cp314t-macosx_10_15_x86_64.whl", hash = "sha256:57850958fe9c751670e49b2cecf6294acc99e562531f4bd317fa5ddee2068463", size = 5314225, upload-time = "2026-04-01T14:45:25.637Z" },
    { url = "https://files.pythonhosted.org/packages/19/1e/dce46f371be2438eecfee2a1960ee2a243bbe5e961890146d2dee1ff0f12/pillow-12.2.0-cp314-cp314t-macosx_11_0_arm64.whl", hash = "sha256:d5d38f1411c0ed9f97bcb49b7bd59b6b7c314e0e27420e34d99d844b9ce3b6f3", size = 4698541, upload-time = "2026-04-01T14:45:28.355Z" },
    { url = "https://files.pythonhosted.org/packages/55/c3/7fbecf70adb3a0c33b77a300dc52e424dc22ad8cdc06557a2e49523b703d/pillow-12.2.0-cp314-cp314t-manylinux2014_aarch64.manylinux_2_17_aarch64.whl", hash = "sha256:5c0a9f29ca8e79f09de89293f82fc9b0270bb4af1d58bc98f540cc4aedf03166", size = 6322251, upload-time = "2026-04-01T14:45:30.924Z" },
    { url = "https://files.pythonhosted.org/packages/1c/3c/7fbc17cfb7e4fe0ef1642e0abc17fc6c94c9f7a16be41498e12e2ba60408/pillow-12.2.0-cp314-cp314t-manylinux2014_x86_64.manylinux_2_17_x86_64.whl", hash = "sha256:1610dd6c61621ae1cf811bef44d77e149ce3f7b95afe66a4512f8c59f25d9ebe", size = 8127807, upload-time = "2026-04-01T14:45:33.908Z" },
    { url = "https://files.pythonhosted.org/packages/ff/c3/a8ae14d6defd2e448493ff512fae903b1e9bd40b72efb6ec55ce0048c8ce/pillow-12.2.0-cp314-cp314t-manylinux_2_27_aarch64.manylinux_2_28_aarch64.whl", hash = "sha256:0a34329707af4f73cf1782a36cd2289c0368880654a2c11f027bcee9052d35dd", size = 6433935, upload-time = "2026-04-01T14:45:36.623Z" },
    { url = "https://files.pythonhosted.org/packages/6e/32/2880fb3a074847ac159d8f902cb43278a61e85f681661e7419e6596803ed/pillow-12.2.0-cp314-cp314t-manylinux_2_27_x86_64.manylinux_2_28_x86_64.whl", hash = "sha256:8e9c4f5b3c546fa3458a29ab22646c1c6c787ea8f5ef51300e5a60300736905e", size = 7116720, upload-time = "2026-04-01T14:45:39.258Z" },
    { url = "https://files.pythonhosted.org/packages/46/87/495cc9c30e0129501643f24d320076f4cc54f718341df18cc70ec94c44e1/pillow-12.2.0-cp314-cp314t-musllinux_1_2_aarch64.whl", hash = "sha256:fb043ee2f06b41473269765c2feae53fc2e2fbf96e5e22ca94fb5ad677856f06", size = 6540498, upload-time = "2026-04-01T14:45:41.879Z" },
    { url = "https://files.pythonhosted.org/packages/18/53/773f5edca692009d883a72211b60fdaf8871cbef075eaa9d577f0a2f989e/pillow-12.2.0-cp314-cp314t-musllinux_1_2_x86_64.whl", hash = "sha256:f278f034eb75b4e8a13a54a876cc4a5ab39173d2cdd93a638e1b467fc545ac43", size = 7239413, upload-time = "2026-04-01T14:45:44.705Z" },
    { url = "https://files.pythonhosted.org/packages/c9/e4/4b64a97d71b2a83158134abbb2f5bd3f8a2ea691361282f010998f339ec7/pillow-12.2.0-cp314-cp314t-win32.whl", hash = "sha256:6bb77b2dcb06b20f9f4b4a8454caa581cd4dd0643a08bacf821216a16d9c8354", size = 6482084, upload-time = "2026-04-01T14:45:47.568Z" },
    { url = "https://files.pythonhosted.org/packages/ba/13/306d275efd3a3453f72114b7431c877d10b1154014c1ebbedd067770d629/pillow-12.2.0-cp314-cp314t-win_amd64.whl", hash = "sha256:6562ace0d3fb5f20ed7290f1f929cae41b25ae29528f2af1722966a0a02e2aa1", size = 7225152, upload-time = "2026-04-01T14:45:50.032Z" },
    { url = "https://files.pythonhosted.org/packages/ff/6e/cf826fae916b8658848d7b9f38d88da6396895c676e8086fc0988073aaf8/pillow-12.2.0-cp314-cp314t-win_arm64.whl", hash = "sha256:aa88ccfe4e32d362816319ed727a004423aab09c5cea43c01a4b435643fa34eb", size = 2556579, upload-time = "2026-04-01T14:45:52.529Z" },
]
